
Microsoft Visual Studio Solution File, Format Version 12.00
# Visual Studio Version 17
VisualStudioVersion = 17.12.35728.132 d17.12
MinimumVisualStudioVersion = 10.0.40219.1
Project("{FAE04EC0-301F-11D3-BF4B-00C04F79EFBC}") = "BuditelWebServerDemo", "BuditelWebServerDemo\BuditelWebServerDemo.csproj", "{D83F1AE9-C3FA-4CE7-BCCD-E700B36FFCCC}"
EndProject
Project("{FAE04EC0-301F-11D3-BF4B-00C04F79EFBC}") = "BuditelWebServer.server", "BuditelWebServer.server\BuditelWebServer.server.csproj", "{7FEB5149-AC55-4624-A22E-F4B17C7ED127}"
EndProject
Global
	GlobalSection(SolutionConfigurationPlatforms) = preSolution
		Debug|Any CPU = Debug|Any CPU
		Release|Any CPU = Release|Any CPU
	EndGlobalSection
	GlobalSection(ProjectConfigurationPlatforms) = postSolution
		{D83F1AE9-C3FA-4CE7-BCCD-E700B36FFCCC}.Debug|Any CPU.ActiveCfg = Debug|Any CPU
		{D83F1AE9-C3FA-4CE7-BCCD-E700B36FFCCC}.Debug|Any CPU.Build.0 = Debug|Any CPU
		{D83F1AE9-C3FA-4CE7-BCCD-E700B36FFCCC}.Release|Any CPU.ActiveCfg = Release|Any CPU
		{D83F1AE9-C3FA-4CE7-BCCD-E700B36FFCCC}.Release|Any CPU.Build.0 = Release|Any CPU
		{7FEB5149-AC55-4624-A22E-F4B17C7ED127}.Debug|Any CPU.ActiveCfg = Debug|Any CPU
		{7FEB5149-AC55-4624-A22E-F4B17C7ED127}.Debug|Any CPU.Build.0 = Debug|Any CPU
		{7FEB5149-AC55-4624-A22E-F4B17C7ED127}.Release|Any CPU.ActiveCfg = Release|Any CPU
		{7FEB5149-AC55-4624-A22E-F4B17C7ED127}.Release|Any CPU.Build.0 = Release|Any CPU
	EndGlobalSection
	GlobalSection(SolutionProperties) = preSolution
		HideSolutionNode = FALSE
	EndGlobalSection
EndGlobal
